
Microsoft Visual Studio Solution File, Format Version 12.00
# Visual Studio Version 16
VisualStudioVersion = 16.0.30204.135
MinimumVisualStudioVersion = 10.0.40219.1
Project("{FAE04EC0-301F-11D3-BF4B-00C04F79EFBC}") = "ConsoleTest", "ConsoleTest\ConsoleTest.csproj", "{A95CADCE-9D42-482B-A383-A68475C5CB34}"
EndProject
Global
	GlobalSection(SolutionConfigurationPlatforms) = preSolution
		Debug|Any CPU = Debug|Any CPU
		Release|Any CPU = Release|Any CPU
	EndGlobalSection
	GlobalSection(ProjectConfigurationPlatforms) = postSolution
		{A95CADCE-9D42-482B-A383-A68475C5CB34}.Debug|Any CPU.ActiveCfg = Debug|Any CPU
		{A95CADCE-9D42-482B-A383-A68475C5CB34}.Debug|Any CPU.Build.0 = Debug|Any CPU
		{A95CADCE-9D42-482B-A383-A68475C5CB34}.Release|Any CPU.ActiveCfg = Release|Any CPU
		{A95CADCE-9D42-482B-A383-A68475C5CB34}.Release|Any CPU.Build.0 = Release|Any CPU
	EndGlobalSection
	GlobalSection(SolutionProperties) = preSolution
		HideSolutionNode = FALSE
	EndGlobalSection
	GlobalSection(ExtensibilityGlobals) = postSolution
		SolutionGuid = {A3FA9D33-0E5B-496A-AC9B-A5B5F98792CC}
	EndGlobalSection
EndGlobal
